// !$*UTF8*$!
{
	archiveVersion = 1;
	classes = {
	};
	objectVersion = 56;
	objects = {

/* Begin PBXBuildFile section */
		538500022BCFDCC700B1C9D7 /* Preview Assets.xcassets in Resources */ = {isa = PBXBuildFile; fileRef = 538500012BCFDCC700B1C9D7 /* Preview Assets.xcassets */; };
		5385000C2BCFDCC700B1C9D7 /* Weather_AppTests.swift in Sources */ = {isa = PBXBuildFile; fileRef = 5385000B2BCFDCC700B1C9D7 /* Weather_AppTests.swift */; };
		538500162BCFDCC700B1C9D7 /* Weather_AppUITests.swift in Sources */ = {isa = PBXBuildFile; fileRef = 538500152BCFDCC700B1C9D7 /* Weather_AppUITests.swift */; };
		538500182BCFDCC700B1C9D7 /* Weather_AppUITestsLaunchTests.swift in Sources */ = {isa = PBXBuildFile; fileRef = 538500172BCFDCC700B1C9D7 /* Weather_AppUITestsLaunchTests.swift */; };
		538500262BCFDE4000B1C9D7 /* LocationManager.swift in Sources */ = {isa = PBXBuildFile; fileRef = 538500252BCFDE4000B1C9D7 /* LocationManager.swift */; };
		538500292BCFE42F00B1C9D7 /* WelcomeView.swift in Sources */ = {isa = PBXBuildFile; fileRef = 538500282BCFE42F00B1C9D7 /* WelcomeView.swift */; };
		5385002B2BCFE8F700B1C9D7 /* LoadingView.swift in Sources */ = {isa = PBXBuildFile; fileRef = 5385002A2BCFE8F700B1C9D7 /* LoadingView.swift */; };
		5385FFFB2BCFDCC500B1C9D7 /* Weather_AppApp.swift in Sources */ = {isa = PBXBuildFile; fileRef = 5385FFFA2BCFDCC500B1C9D7 /* Weather_AppApp.swift */; };
		5385FFFD2BCFDCC500B1C9D7 /* ContentView.swift in Sources */ = {isa = PBXBuildFile; fileRef = 5385FFFC2BCFDCC500B1C9D7 /* ContentView.swift */; };
		5385FFFF2BCFDCC700B1C9D7 /* Assets.xcassets in Resources */ = {isa = PBXBuildFile; fileRef = 5385FFFE2BCFDCC700B1C9D7 /* Assets.xcassets */; };
		53AC23352BCFFBB200CDF771 /* WeatherManager.swift in Sources */ = {isa = PBXBuildFile; fileRef = 53AC23342BCFFBB200CDF771 /* WeatherManager.swift */; };
		53AC23372BD007F400CDF771 /* WeatherView.swift in Sources */ = {isa = PBXBuildFile; fileRef = 53AC23362BD007F400CDF771 /* WeatherView.swift */; };
		53AC23392BD008BB00CDF771 /* ModelData.swift in Sources */ = {isa = PBXBuildFile; fileRef = 53AC23382BD008BB00CDF771 /* ModelData.swift */; };
		53AC233B2BD00ACE00CDF771 /* weatherData.json in Resources */ = {isa = PBXBuildFile; fileRef = 53AC233A2BD00ACE00CDF771 /* weatherData.json */; };
		53AC233D2BD00C6C00CDF771 /* Extensions.swift in Sources */ = {isa = PBXBuildFile; fileRef = 53AC233C2BD00C6C00CDF771 /* Extensions.swift */; };
		53AC23402BD0195500CDF771 /* WeatherRow.swift in Sources */ = {isa = PBXBuildFile; fileRef = 53AC233F2BD0195500CDF771 /* WeatherRow.swift */; };
/* End PBXBuildFile section */

/* Begin PBXContainerItemProxy section */
		538500082BCFDCC700B1C9D7 /* PBXContainerItemProxy */ = {
			isa = PBXContainerItemProxy;
			containerPortal = 5385FFEF2BCFDCC500B1C9D7 /* Project object */;
			proxyType = 1;
			remoteGlobalIDString = 5385FFF62BCFDCC500B1C9D7;
			remoteInfo = "Weather App";
		};
		538500122BCFDCC700B1C9D7 /* PBXContainerItemProxy */ = {
			isa = PBXContainerItemProxy;
			containerPortal = 5385FFEF2BCFDCC500B1C9D7 /* Project object */;
			proxyType = 1;
			remoteGlobalIDString = 5385FFF62BCFDCC500B1C9D7;
			remoteInfo = "Weather App";
		};
/* End PBXContainerItemProxy section */

/* Begin PBXFileReference section */
		538500012BCFDCC700B1C9D7 /* Preview Assets.xcassets */ = {isa = PBXFileReference; lastKnownFileType = folder.assetcatalog; path = "Preview Assets.xcassets"; sourceTree = "<group>"; };
		538500072BCFDCC700B1C9D7 /* Weather AppTests.xctest */ = {isa = PBXFileReference; explicitFileType = wrapper.cfbundle; includeInIndex = 0; path = "Weather AppTests.xctest"; sourceTree = BUILT_PRODUCTS_DIR; };
		5385000B2BCFDCC700B1C9D7 /* Weather_AppTests.swift */ = {isa = PBXFileReference; lastKnownFileType = sourcecode.swift; path = Weather_AppTests.swift; sourceTree = "<group>"; };
		538500112BCFDCC700B1C9D7 /* Weather AppUITests.xctest */ = {isa = PBXFileReference; explicitFileType = wrapper.cfbundle; includeInIndex = 0; path = "Weather AppUITests.xctest"; sourceTree = BUILT_PRODUCTS_DIR; };
		538500152BCFDCC700B1C9D7 /* Weather_AppUITests.swift */ = {isa = PBXFileReference; lastKnownFileType = sourcecode.swift; path = Weather_AppUITests.swift; sourceTree = "<group>"; };
		538500172BCFDCC700B1C9D7 /* Weather_AppUITestsLaunchTests.swift */ = {isa = PBXFileReference; lastKnownFileType = sourcecode.swift; path = Weather_AppUITestsLaunchTests.swift; sourceTree = "<group>"; };
		538500252BCFDE4000B1C9D7 /* LocationManager.swift */ = {isa = PBXFileReference; lastKnownFileType = sourcecode.swift; path = LocationManager.swift; sourceTree = "<group>"; };
		538500282BCFE42F00B1C9D7 /* WelcomeView.swift */ = {isa = PBXFileReference; lastKnownFileType = sourcecode.swift; path = WelcomeView.swift; sourceTree = "<group>"; };
		5385002A2BCFE8F700B1C9D7 /* LoadingView.swift */ = {isa = PBXFileReference; lastKnownFileType = sourcecode.swift; path = LoadingView.swift; sourceTree = "<group>"; };
		5385FFF72BCFDCC500B1C9D7 /* Weather App.app */ = {isa = PBXFileReference; explicitFileType = wrapper.application; includeInIndex = 0; path = "Weather App.app"; sourceTree = BUILT_PRODUCTS_DIR; };
		5385FFFA2BCFDCC500B1C9D7 /* Weather_AppApp.swift */ = {isa = PBXFileReference; lastKnownFileType = sourcecode.swift; path = Weather_AppApp.swift; sourceTree = "<group>"; };
		5385FFFC2BCFDCC500B1C9D7 /* ContentView.swift */ = {isa = PBXFileReference; lastKnownFileType = sourcecode.swift; path = ContentView.swift; sourceTree = "<group>"; };
		5385FFFE2BCFDCC700B1C9D7 /* Assets.xcassets */ = {isa = PBXFileReference; lastKnownFileType = folder.assetcatalog; path = Assets.xcassets; sourceTree = "<group>"; };
		53AC23342BCFFBB200CDF771 /* WeatherManager.swift */ = {isa = PBXFileReference; lastKnownFileType = sourcecode.swift; path = WeatherManager.swift; sourceTree = "<group>"; };
		53AC23362BD007F400CDF771 /* WeatherView.swift */ = {isa = PBXFileReference; lastKnownFileType = sourcecode.swift; path = WeatherView.swift; sourceTree = "<group>"; };
		53AC23382BD008BB00CDF771 /* ModelData.swift */ = {isa = PBXFileReference; lastKnownFileType = sourcecode.swift; path = ModelData.swift; sourceTree = "<group>"; };
		53AC233A2BD00ACE00CDF771 /* weatherData.json */ = {isa = PBXFileReference; lastKnownFileType = text.json; path = weatherData.json; sourceTree = "<group>"; };
		53AC233C2BD00C6C00CDF771 /* Extensions.swift */ = {isa = PBXFileReference; lastKnownFileType = sourcecode.swift; path = Extensions.swift; sourceTree = "<group>"; };
		53AC233F2BD0195500CDF771 /* WeatherRow.swift */ = {isa = PBXFileReference; lastKnownFileType = sourcecode.swift; path = WeatherRow.swift; sourceTree = "<group>"; };
/* End PBXFileReference section */

/* Begin PBXFrameworksBuildPhase section */
		538500042BCFDCC700B1C9D7 /* Frameworks */ = {
			isa = PBXFrameworksBuildPhase;
			buildActionMask = 2147483647;
			files = (
			);
			runOnlyForDeploymentPostprocessing = 0;
		};
		5385000E2BCFDCC700B1C9D7 /* Frameworks */ = {
			isa = PBXFrameworksBuildPhase;
			buildActionMask = 2147483647;
			files = (
			);
			runOnlyForDeploymentPostprocessing = 0;
		};
		5385FFF42BCFDCC500B1C9D7 /* Frameworks */ = {
			isa = PBXFrameworksBuildPhase;
			buildActionMask = 2147483647;
			files = (
			);
			runOnlyForDeploymentPostprocessing = 0;
		};
/* End PBXFrameworksBuildPhase section */

/* Begin PBXGroup section */
		538500002BCFDCC700B1C9D7 /* Preview Content */ = {
			isa = PBXGroup;
			children = (
				538500012BCFDCC700B1C9D7 /* Preview Assets.xcassets */,
				53AC23382BD008BB00CDF771 /* ModelData.swift */,
				53AC233A2BD00ACE00CDF771 /* weatherData.json */,
			);
			path = "Preview Content";
			sourceTree = "<group>";
		};
		5385000A2BCFDCC700B1C9D7 /* Weather AppTests */ = {
			isa = PBXGroup;
			children = (
				5385000B2BCFDCC700B1C9D7 /* Weather_AppTests.swift */,
			);
			path = "Weather AppTests";
			sourceTree = "<group>";
		};
		538500142BCFDCC700B1C9D7 /* Weather AppUITests */ = {
			isa = PBXGroup;
			children = (
				538500152BCFDCC700B1C9D7 /* Weather_AppUITests.swift */,
				538500172BCFDCC700B1C9D7 /* Weather_AppUITestsLaunchTests.swift */,
			);
			path = "Weather AppUITests";
			sourceTree = "<group>";
		};
		538500242BCFDE1D00B1C9D7 /* Managers */ = {
			isa = PBXGroup;
			children = (
				538500252BCFDE4000B1C9D7 /* LocationManager.swift */,
				53AC23342BCFFBB200CDF771 /* WeatherManager.swift */,
			);
			path = Managers;
			sourceTree = "<group>";
		};
		538500272BCFDFF700B1C9D7 /* Views */ = {
			isa = PBXGroup;
			children = (
				5385FFFC2BCFDCC500B1C9D7 /* ContentView.swift */,
				5385002A2BCFE8F700B1C9D7 /* LoadingView.swift */,
				538500282BCFE42F00B1C9D7 /* WelcomeView.swift */,
				53AC23362BD007F400CDF771 /* WeatherView.swift */,
			);
			path = Views;
			sourceTree = "<group>";
		};
		5385FFEE2BCFDCC500B1C9D7 = {
			isa = PBXGroup;
			children = (
				5385FFF92BCFDCC500B1C9D7 /* Weather App */,
				5385000A2BCFDCC700B1C9D7 /* Weather AppTests */,
				538500142BCFDCC700B1C9D7 /* Weather AppUITests */,
				5385FFF82BCFDCC500B1C9D7 /* Products */,
			);
			sourceTree = "<group>";
		};
		5385FFF82BCFDCC500B1C9D7 /* Products */ = {
			isa = PBXGroup;
			children = (
				5385FFF72BCFDCC500B1C9D7 /* Weather App.app */,
				538500072BCFDCC700B1C9D7 /* Weather AppTests.xctest */,
				538500112BCFDCC700B1C9D7 /* Weather AppUITests.xctest */,
			);
			name = Products;
			sourceTree = "<group>";
		};
		5385FFF92BCFDCC500B1C9D7 /* Weather App */ = {
			isa = PBXGroup;
			children = (
				53AC233E2BD0193D00CDF771 /* Components */,
				538500272BCFDFF700B1C9D7 /* Views */,
				538500242BCFDE1D00B1C9D7 /* Managers */,
				5385FFFA2BCFDCC500B1C9D7 /* Weather_AppApp.swift */,
				5385FFFE2BCFDCC700B1C9D7 /* Assets.xcassets */,
				538500002BCFDCC700B1C9D7 /* Preview Content */,
				53AC233C2BD00C6C00CDF771 /* Extensions.swift */,
			);
			path = "Weather App";
			sourceTree = "<group>";
		};
		53AC233E2BD0193D00CDF771 /* Components */ = {
			isa = PBXGroup;
			children = (
				53AC233F2BD0195500CDF771 /* WeatherRow.swift */,
			);
			path = Components;
			sourceTree = "<group>";
		};
/* End PBXGroup section */

/* Begin PBXNativeTarget section */
		538500062BCFDCC700B1C9D7 /* Weather AppTests */ = {
			isa = PBXNativeTarget;
			buildConfigurationList = 5385001E2BCFDCC700B1C9D7 /* Build configuration list for PBXNativeTarget "Weather AppTests" */;
			buildPhases = (
				538500032BCFDCC700B1C9D7 /* Sources */,
				538500042BCFDCC700B1C9D7 /* Frameworks */,
				538500052BCFDCC700B1C9D7 /* Resources */,
			);
			buildRules = (
			);
			dependencies = (
				538500092BCFDCC700B1C9D7 /* PBXTargetDependency */,
			);
			name = "Weather AppTests";
			productName = "Weather AppTests";
			productReference = 538500072BCFDCC700B1C9D7 /* Weather AppTests.xctest */;
			productType = "com.apple.product-type.bundle.unit-test";
		};
		538500102BCFDCC700B1C9D7 /* Weather AppUITests */ = {
			isa = PBXNativeTarget;
			buildConfigurationList = 538500212BCFDCC700B1C9D7 /* Build configuration list for PBXNativeTarget "Weather AppUITests" */;
			buildPhases = (
				5385000D2BCFDCC700B1C9D7 /* Sources */,
				5385000E2BCFDCC700B1C9D7 /* Frameworks */,
				5385000F2BCFDCC700B1C9D7 /* Resources */,
			);
			buildRules = (
			);
			dependencies = (
				538500132BCFDCC700B1C9D7 /* PBXTargetDependency */,
			);
			name = "Weather AppUITests";
			productName = "Weather AppUITests";
			productReference = 538500112BCFDCC700B1C9D7 /* Weather AppUITests.xctest */;
			productType = "com.apple.product-type.bundle.ui-testing";
		};
		5385FFF62BCFDCC500B1C9D7 /* Weather App */ = {
			isa = PBXNativeTarget;
			buildConfigurationList = 5385001B2BCFDCC700B1C9D7 /* Build configuration list for PBXNativeTarget "Weather App" */;
			buildPhases = (
				5385FFF32BCFDCC500B1C9D7 /* Sources */,
				5385FFF42BCFDCC500B1C9D7 /* Frameworks */,
				5385FFF52BCFDCC500B1C9D7 /* Resources */,
			);
			buildRules = (
			);
			dependencies = (
			);
			name = "Weather App";
			productName = "Weather App";
			productReference = 5385FFF72BCFDCC500B1C9D7 /* Weather App.app */;
			productType = "com.apple.product-type.application";
		};
/* End PBXNativeTarget section */

/* Begin PBXProject section */
		5385FFEF2BCFDCC500B1C9D7 /* Project object */ = {
			isa = PBXProject;
			attributes = {
				BuildIndependentTargetsInParallel = 1;
				LastSwiftUpdateCheck = 1530;
				LastUpgradeCheck = 1530;
				TargetAttributes = {
					538500062BCFDCC700B1C9D7 = {
						CreatedOnToolsVersion = 15.3;
						TestTargetID = 5385FFF62BCFDCC500B1C9D7;
					};
					538500102BCFDCC700B1C9D7 = {
						CreatedOnToolsVersion = 15.3;
						TestTargetID = 5385FFF62BCFDCC500B1C9D7;
					};
					5385FFF62BCFDCC500B1C9D7 = {
						CreatedOnToolsVersion = 15.3;
					};
				};
			};
			buildConfigurationList = 5385FFF22BCFDCC500B1C9D7 /* Build configuration list for PBXProject "Weather App" */;
			compatibilityVersion = "Xcode 14.0";
			developmentRegion = en;
			hasScannedForEncodings = 0;
			knownRegions = (
				en,
				Base,
			);
			mainGroup = 5385FFEE2BCFDCC500B1C9D7;
			productRefGroup = 5385FFF82BCFDCC500B1C9D7 /* Products */;
			projectDirPath = "";
			projectRoot = "";
			targets = (
				5385FFF62BCFDCC500B1C9D7 /* Weather App */,
				538500062BCFDCC700B1C9D7 /* Weather AppTests */,
				538500102BCFDCC700B1C9D7 /* Weather AppUITests */,
			);
		};
/* End PBXProject section */

/* Begin PBXResourcesBuildPhase section */
		538500052BCFDCC700B1C9D7 /* Resources */ = {
			isa = PBXResourcesBuildPhase;
			buildActionMask = 2147483647;
			files = (
			);
			runOnlyForDeploymentPostprocessing = 0;
		};
		5385000F2BCFDCC700B1C9D7 /* Resources */ = {
			isa = PBXResourcesBuildPhase;
			buildActionMask = 2147483647;
			files = (
			);
			runOnlyForDeploymentPostprocessing = 0;
		};
		5385FFF52BCFDCC500B1C9D7 /* Resources */ = {
			isa = PBXResourcesBuildPhase;
			buildActionMask = 2147483647;
			files = (
				538500022BCFDCC700B1C9D7 /* Preview Assets.xcassets in Resources */,
				53AC233B2BD00ACE00CDF771 /* weatherData.json in Resources */,
				5385FFFF2BCFDCC700B1C9D7 /* Assets.xcassets in Resources */,
			);
			runOnlyForDeploymentPostprocessing = 0;
		};
/* End PBXResourcesBuildPhase section */

/* Begin PBXSourcesBuildPhase section */
		538500032BCFDCC700B1C9D7 /* Sources */ = {
			isa = PBXSourcesBuildPhase;
			buildActionMask = 2147483647;
			files = (
				5385000C2BCFDCC700B1C9D7 /* Weather_AppTests.swift in Sources */,
			);
			runOnlyForDeploymentPostprocessing = 0;
		};
		5385000D2BCFDCC700B1C9D7 /* Sources */ = {
			isa = PBXSourcesBuildPhase;
			buildActionMask = 2147483647;
			files = (
				538500162BCFDCC700B1C9D7 /* Weather_AppUITests.swift in Sources */,
				538500182BCFDCC700B1C9D7 /* Weather_AppUITestsLaunchTests.swift in Sources */,
			);
			runOnlyForDeploymentPostprocessing = 0;
		};
		5385FFF32BCFDCC500B1C9D7 /* Sources */ = {
			isa = PBXSourcesBuildPhase;
			buildActionMask = 2147483647;
			files = (
				53AC23352BCFFBB200CDF771 /* WeatherManager.swift in Sources */,
				53AC233D2BD00C6C00CDF771 /* Extensions.swift in Sources */,
				5385FFFD2BCFDCC500B1C9D7 /* ContentView.swift in Sources */,
				5385FFFB2BCFDCC500B1C9D7 /* Weather_AppApp.swift in Sources */,
				538500262BCFDE4000B1C9D7 /* LocationManager.swift in Sources */,
				53AC23402BD0195500CDF771 /* WeatherRow.swift in Sources */,
				5385002B2BCFE8F700B1C9D7 /* LoadingView.swift in Sources */,
				53AC23392BD008BB00CDF771 /* ModelData.swift in Sources */,
				53AC23372BD007F400CDF771 /* WeatherView.swift in Sources */,
				538500292BCFE42F00B1C9D7 /* WelcomeView.swift in Sources */,
			);
			runOnlyForDeploymentPostprocessing = 0;
		};
/* End PBXSourcesBuildPhase section */

/* Begin PBXTargetDependency section */
		538500092BCFDCC700B1C9D7 /* PBXTargetDependency */ = {
			isa = PBXTargetDependency;
			target = 5385FFF62BCFDCC500B1C9D7 /* Weather App */;
			targetProxy = 538500082BCFDCC700B1C9D7 /* PBXContainerItemProxy */;
		};
		538500132BCFDCC700B1C9D7 /* PBXTargetDependency */ = {
			isa = PBXTargetDependency;
			target = 5385FFF62BCFDCC500B1C9D7 /* Weather App */;
			targetProxy = 538500122BCFDCC700B1C9D7 /* PBXContainerItemProxy */;
		};
/* End PBXTargetDependency section */

/* Begin XCBuildConfiguration section */
		538500192BCFDCC700B1C9D7 /* Debug */ = {
			isa = XCBuildConfiguration;
			buildSettings = {
				ALWAYS_SEARCH_USER_PATHS = NO;
				ASSETCATALOG_COMPILER_GENERATE_SWIFT_ASSET_SYMBOL_EXTENSIONS = YES;
				CLANG_ANALYZER_NONNULL = YES;
				CLANG_ANALYZER_NUMBER_OBJECT_CONVERSION = YES_AGGRESSIVE;
				CLANG_CXX_LANGUAGE_STANDARD = "gnu++20";
				CLANG_ENABLE_MODULES = YES;
				CLANG_ENABLE_OBJC_ARC = YES;
				CLANG_ENABLE_OBJC_WEAK = YES;
				CLANG_WARN_BLOCK_CAPTURE_AUTORELEASING = YES;
				CLANG_WARN_BOOL_CONVERSION = YES;
				CLANG_WARN_COMMA = YES;
				CLANG_WARN_CONSTANT_CONVERSION = YES;
				CLANG_WARN_DEPRECATED_OBJC_IMPLEMENTATIONS = YES;
				CLANG_WARN_DIRECT_OBJC_ISA_USAGE = YES_ERROR;
				CLANG_WARN_DOCUMENTATION_COMMENTS = YES;
				CLANG_WARN_EMPTY_BODY = YES;
				CLANG_WARN_ENUM_CONVERSION = YES;
				CLANG_WARN_INFINITE_RECURSION = YES;
				CLANG_WARN_INT_CONVERSION = YES;
				CLANG_WARN_NON_LITERAL_NULL_CONVERSION = YES;
				CLANG_WARN_OBJC_IMPLICIT_RETAIN_SELF = YES;
				CLANG_WARN_OBJC_LITERAL_CONVERSION = YES;
				CLANG_WARN_OBJC_ROOT_CLASS = YES_ERROR;
				CLANG_WARN_QUOTED_INCLUDE_IN_FRAMEWORK_HEADER = YES;
				CLANG_WARN_RANGE_LOOP_ANALYSIS = YES;
				CLANG_WARN_STRICT_PROTOTYPES = YES;
				CLANG_WARN_SUSPICIOUS_MOVE = YES;
				CLANG_WARN_UNGUARDED_AVAILABILITY = YES_AGGRESSIVE;
				CLANG_WARN_UNREACHABLE_CODE = YES;
				CLANG_WARN__DUPLICATE_METHOD_MATCH = YES;
				COPY_PHASE_STRIP = NO;
				DEBUG_INFORMATION_FORMAT = dwarf;
				ENABLE_STRICT_OBJC_MSGSEND = YES;
				ENABLE_TESTABILITY = YES;
				ENABLE_USER_SCRIPT_SANDBOXING = YES;
				GCC_C_LANGUAGE_STANDARD = gnu17;
				GCC_DYNAMIC_NO_PIC = NO;
				GCC_NO_COMMON_BLOCKS = YES;
				GCC_OPTIMIZATION_LEVEL = 0;
				GCC_PREPROCESSOR_DEFINITIONS = (
					"DEBUG=1",
					"$(inherited)",
				);
				GCC_WARN_64_TO_32_BIT_CONVERSION = YES;
				GCC_WARN_ABOUT_RETURN_TYPE = YES_ERROR;
				GCC_WARN_UNDECLARED_SELECTOR = YES;
				GCC_WARN_UNINITIALIZED_AUTOS = YES_AGGRESSIVE;
				GCC_WARN_UNUSED_FUNCTION = YES;
				GCC_WARN_UNUSED_VARIABLE = YES;
				IPHONEOS_DEPLOYMENT_TARGET = 17.4;
				LOCALIZATION_PREFERS_STRING_CATALOGS = YES;
				MTL_ENABLE_DEBUG_INFO = INCLUDE_SOURCE;
				MTL_FAST_MATH = YES;
				ONLY_ACTIVE_ARCH = YES;
				SDKROOT = iphoneos;
				SWIFT_ACTIVE_COMPILATION_CONDITIONS = "DEBUG $(inherited)";
				SWIFT_OPTIMIZATION_LEVEL = "-Onone";
			};
			name = Debug;
		};
		5385001A2BCFDCC700B1C9D7 /* Release */ = {
			isa = XCBuildConfiguration;
			buildSettings = {
				ALWAYS_SEARCH_USER_PATHS = NO;
				ASSETCATALOG_COMPILER_GENERATE_SWIFT_ASSET_SYMBOL_EXTENSIONS = YES;
				CLANG_ANALYZER_NONNULL = YES;
				CLANG_ANALYZER_NUMBER_OBJECT_CONVERSION = YES_AGGRESSIVE;
				CLANG_CXX_LANGUAGE_STANDARD = "gnu++20";
				CLANG_ENABLE_MODULES = YES;
				CLANG_ENABLE_OBJC_ARC = YES;
				CLANG_ENABLE_OBJC_WEAK = YES;
				CLANG_WARN_BLOCK_CAPTURE_AUTORELEASING = YES;
				CLANG_WARN_BOOL_CONVERSION = YES;
				CLANG_WARN_COMMA = YES;
				CLANG_WARN_CONSTANT_CONVERSION = YES;
				CLANG_WARN_DEPRECATED_OBJC_IMPLEMENTATIONS = YES;
				CLANG_WARN_DIRECT_OBJC_ISA_USAGE = YES_ERROR;
				CLANG_WARN_DOCUMENTATION_COMMENTS = YES;
				CLANG_WARN_EMPTY_BODY = YES;
				CLANG_WARN_ENUM_CONVERSION = YES;
				CLANG_WARN_INFINITE_RECURSION = YES;
				CLANG_WARN_INT_CONVERSION = YES;
				CLANG_WARN_NON_LITERAL_NULL_CONVERSION = YES;
				CLANG_WARN_OBJC_IMPLICIT_RETAIN_SELF = YES;
				CLANG_WARN_OBJC_LITERAL_CONVERSION = YES;
				CLANG_WARN_OBJC_ROOT_CLASS = YES_ERROR;
				CLANG_WARN_QUOTED_INCLUDE_IN_FRAMEWORK_HEADER = YES;
				CLANG_WARN_RANGE_LOOP_ANALYSIS = YES;
				CLANG_WARN_STRICT_PROTOTYPES = YES;
				CLANG_WARN_SUSPICIOUS_MOVE = YES;
				CLANG_WARN_UNGUARDED_AVAILABILITY = YES_AGGRESSIVE;
				CLANG_WARN_UNREACHABLE_CODE = YES;
				CLANG_WARN__DUPLICATE_METHOD_MATCH = YES;
				COPY_PHASE_STRIP = NO;
				DEBUG_INFORMATION_FORMAT = "dwarf-with-dsym";
				ENABLE_NS_ASSERTIONS = NO;
				ENABLE_STRICT_OBJC_MSGSEND = YES;
				ENABLE_USER_SCRIPT_SANDBOXING = YES;
				GCC_C_LANGUAGE_STANDARD = gnu17;
				GCC_NO_COMMON_BLOCKS = YES;
				GCC_WARN_64_TO_32_BIT_CONVERSION = YES;
				GCC_WARN_ABOUT_RETURN_TYPE = YES_ERROR;
				GCC_WARN_UNDECLARED_SELECTOR = YES;
				GCC_WARN_UNINITIALIZED_AUTOS = YES_AGGRESSIVE;
				GCC_WARN_UNUSED_FUNCTION = YES;
				GCC_WARN_UNUSED_VARIABLE = YES;
				IPHONEOS_DEPLOYMENT_TARGET = 17.4;
				LOCALIZATION_PREFERS_STRING_CATALOGS = YES;
				MTL_ENABLE_DEBUG_INFO = NO;
				MTL_FAST_MATH = YES;
				SDKROOT = iphoneos;
				SWIFT_COMPILATION_MODE = wholemodule;
				VALIDATE_PRODUCT = YES;
			};
			name = Release;
		};
		5385001C2BCFDCC700B1C9D7 /* Debug */ = {
			isa = XCBuildConfiguration;
			buildSettings = {
				ASSETCATALOG_COMPILER_APPICON_NAME = AppIcon;
				ASSETCATALOG_COMPILER_GLOBAL_ACCENT_COLOR_NAME = AccentColor;
				CODE_SIGN_STYLE = Automatic;
				CURRENT_PROJECT_VERSION = 1;
				DEVELOPMENT_ASSET_PATHS = "\"Weather App/Preview Content\"";
				DEVELOPMENT_TEAM = Z84SRLQLZ9;
				ENABLE_PREVIEWS = YES;
				GENERATE_INFOPLIST_FILE = YES;
				INFOPLIST_KEY_UIApplicationSceneManifest_Generation = YES;
				INFOPLIST_KEY_UIApplicationSupportsIndirectInputEvents = YES;
				INFOPLIST_KEY_UILaunchScreen_Generation = YES;
				INFOPLIST_KEY_UISupportedInterfaceOrientations_iPad = "UIInterfaceOrientationPortrait UIInterfaceOrientationPortraitUpsideDown UIInterfaceOrientationLandscapeLeft UIInterfaceOrientationLandscapeRight";
				INFOPLIST_KEY_UISupportedInterfaceOrientations_iPhone = "UIInterfaceOrientationPortrait UIInterfaceOrientationLandscapeLeft UIInterfaceOrientationLandscapeRight";
				IPHONEOS_DEPLOYMENT_TARGET = 15.0;
				LD_RUNPATH_SEARCH_PATHS = (
					"$(inherited)",
					"@executable_path/Frameworks",
				);
				MARKETING_VERSION = 1.0;
				PRODUCT_BUNDLE_IDENTIFIER = "Personal-com.Weather-App";
				PRODUCT_NAME = "$(TARGET_NAME)";
				SWIFT_EMIT_LOC_STRINGS = YES;
				SWIFT_VERSION = 5.0;
				TARGETED_DEVICE_FAMILY = "1,2";
			};
			name = Debug;
		};
		5385001D2BCFDCC700B1C9D7 /* Release */ = {
			isa = XCBuildConfiguration;
			buildSettings = {
				ASSETCATALOG_COMPILER_APPICON_NAME = AppIcon;
				ASSETCATALOG_COMPILER_GLOBAL_ACCENT_COLOR_NAME = AccentColor;
				CODE_SIGN_STYLE = Automatic;
				CURRENT_PROJECT_VERSION = 1;
				DEVELOPMENT_ASSET_PATHS = "\"Weather App/Preview Content\"";
				DEVELOPMENT_TEAM = Z84SRLQLZ9;
				ENABLE_PREVIEWS = YES;
				GENERATE_INFOPLIST_FILE = YES;
				INFOPLIST_KEY_UIApplicationSceneManifest_Generation = YES;
				INFOPLIST_KEY_UIApplicationSupportsIndirectInputEvents = YES;
				INFOPLIST_KEY_UILaunchScreen_Generation = YES;
				INFOPLIST_KEY_UISupportedInterfaceOrientations_iPad = "UIInterfaceOrientationPortrait UIInterfaceOrientationPortraitUpsideDown UIInterfaceOrientationLandscapeLeft UIInterfaceOrientationLandscapeRight";
				INFOPLIST_KEY_UISupportedInterfaceOrientations_iPhone = "UIInterfaceOrientationPortrait UIInterfaceOrientationLandscapeLeft UIInterfaceOrientationLandscapeRight";
				IPHONEOS_DEPLOYMENT_TARGET = 15.0;
				LD_RUNPATH_SEARCH_PATHS = (
					"$(inherited)",
					"@executable_path/Frameworks",
				);
				MARKETING_VERSION = 1.0;
				PRODUCT_BUNDLE_IDENTIFIER = "Personal-com.Weather-App";
				PRODUCT_NAME = "$(TARGET_NAME)";
				SWIFT_EMIT_LOC_STRINGS = YES;
				SWIFT_VERSION = 5.0;
				TARGETED_DEVICE_FAMILY = "1,2";
			};
			name = Release;
		};
		5385001F2BCFDCC700B1C9D7 /* Debug */ = {
			isa = XCBuildConfiguration;
			buildSettings = {
				ALWAYS_EMBED_SWIFT_STANDARD_LIBRARIES = YES;
				BUNDLE_LOADER = "$(TEST_HOST)";
				"CODE_SIGN_IDENTITY[sdk=macosx*]" = "Apple Development";
				CODE_SIGN_STYLE = Automatic;
				CURRENT_PROJECT_VERSION = 1;
				DEVELOPMENT_TEAM = Z84SRLQLZ9;
				GENERATE_INFOPLIST_FILE = YES;
				IPHONEOS_DEPLOYMENT_TARGET = 17.4;
				MARKETING_VERSION = 1.0;
				PRODUCT_BUNDLE_IDENTIFIER = "Personal.Weather-AppTests";
				PRODUCT_NAME = "$(TARGET_NAME)";
				SWIFT_EMIT_LOC_STRINGS = NO;
				SWIFT_VERSION = 5.0;
				TARGETED_DEVICE_FAMILY = "1,2";
				TEST_HOST = "$(BUILT_PRODUCTS_DIR)/Weather App.app/$(BUNDLE_EXECUTABLE_FOLDER_PATH)/Weather App";
			};
			name = Debug;
		};
		538500202BCFDCC700B1C9D7 /* Release */ = {
			isa = XCBuildConfiguration;
			buildSettings = {
				ALWAYS_EMBED_SWIFT_STANDARD_LIBRARIES = YES;
				BUNDLE_LOADER = "$(TEST_HOST)";
				"CODE_SIGN_IDENTITY[sdk=macosx*]" = "Apple Development";
				CODE_SIGN_STYLE = Automatic;
				CURRENT_PROJECT_VERSION = 1;
				DEVELOPMENT_TEAM = Z84SRLQLZ9;
				GENERATE_INFOPLIST_FILE = YES;
				IPHONEOS_DEPLOYMENT_TARGET = 17.4;
				MARKETING_VERSION = 1.0;
				PRODUCT_BUNDLE_IDENTIFIER = "Personal.Weather-AppTests";
				PRODUCT_NAME = "$(TARGET_NAME)";
				SWIFT_EMIT_LOC_STRINGS = NO;
				SWIFT_VERSION = 5.0;
				TARGETED_DEVICE_FAMILY = "1,2";
				TEST_HOST = "$(BUILT_PRODUCTS_DIR)/Weather App.app/$(BUNDLE_EXECUTABLE_FOLDER_PATH)/Weather App";
			};
			name = Release;
		};
		538500222BCFDCC700B1C9D7 /* Debug */ = {
			isa = XCBuildConfiguration;
			buildSettings = {
				ALWAYS_EMBED_SWIFT_STANDARD_LIBRARIES = YES;
				CODE_SIGN_STYLE = Automatic;
				CURRENT_PROJECT_VERSION = 1;
				DEVELOPMENT_TEAM = Z84SRLQLZ9;
				GENERATE_INFOPLIST_FILE = YES;
				MARKETING_VERSION = 1.0;
				PRODUCT_BUNDLE_IDENTIFIER = "Personal.Weather-AppUITests";
				PRODUCT_NAME = "$(TARGET_NAME)";
				SWIFT_EMIT_LOC_STRINGS = NO;
				SWIFT_VERSION = 5.0;
				TARGETED_DEVICE_FAMILY = "1,2";
				TEST_TARGET_NAME = "Weather App";
			};
			name = Debug;
		};
		538500232BCFDCC700B1C9D7 /* Release */ = {
			isa = XCBuildConfiguration;
			buildSettings = {
				ALWAYS_EMBED_SWIFT_STANDARD_LIBRARIES = YES;
				CODE_SIGN_STYLE = Automatic;
				CURRENT_PROJECT_VERSION = 1;
				DEVELOPMENT_TEAM = Z84SRLQLZ9;
				GENERATE_INFOPLIST_FILE = YES;
				MARKETING_VERSION = 1.0;
				PRODUCT_BUNDLE_IDENTIFIER = "Personal.Weather-AppUITests";
				PRODUCT_NAME = "$(TARGET_NAME)";
				SWIFT_EMIT_LOC_STRINGS = NO;
				SWIFT_VERSION = 5.0;
				TARGETED_DEVICE_FAMILY = "1,2";
				TEST_TARGET_NAME = "Weather App";
			};
			name = Release;
		};
/* End XCBuildConfiguration section */

/* Begin XCConfigurationList section */
		5385001B2BCFDCC700B1C9D7 /* Build configuration list for PBXNativeTarget "Weather App" */ = {
			isa = XCConfigurationList;
			buildConfigurations = (
				5385001C2BCFDCC700B1C9D7 /* Debug */,
				5385001D2BCFDCC700B1C9D7 /* Release */,
			);
			defaultConfigurationIsVisible = 0;
			defaultConfigurationName = Release;
		};
		5385001E2BCFDCC700B1C9D7 /* Build configuration list for PBXNativeTarget "Weather AppTests" */ = {
			isa = XCConfigurationList;
			buildConfigurations = (
				5385001F2BCFDCC700B1C9D7 /* Debug */,
				538500202BCFDCC700B1C9D7 /* Release */,
			);
			defaultConfigurationIsVisible = 0;
			defaultConfigurationName = Release;
		};
		538500212BCFDCC700B1C9D7 /* Build configuration list for PBXNativeTarget "Weather AppUITests" */ = {
			isa = XCConfigurationList;
			buildConfigurations = (
				538500222BCFDCC700B1C9D7 /* Debug */,
				538500232BCFDCC700B1C9D7 /* Release */,
			);
			defaultConfigurationIsVisible = 0;
			defaultConfigurationName = Release;
		};
		5385FFF22BCFDCC500B1C9D7 /* Build configuration list for PBXProject "Weather App" */ = {
			isa = XCConfigurationList;
			buildConfigurations = (
				538500192BCFDCC700B1C9D7 /* Debug */,
				5385001A2BCFDCC700B1C9D7 /* Release */,
			);
			defaultConfigurationIsVisible = 0;
			defaultConfigurationName = Release;
		};
/* End XCConfigurationList section */
	};
	rootObject = 5385FFEF2BCFDCC500B1C9D7 /* Project object */;
}
